
Microsoft Visual Studio Solution File, Format Version 12.00
# Visual Studio 15
VisualStudioVersion = 15.0.26430.16
MinimumVisualStudioVersion = 10.0.40219.1
Project("{FAE04EC0-301F-11D3-BF4B-00C04F79EFBC}") = "BaiduPan", "BaiduPan\BaiduPan.csproj", "{C6EB8BBC-CCF1-4B65-8015-9C95B65F4DAE}"
EndProject
Project("{FAE04EC0-301F-11D3-BF4B-00C04F79EFBC}") = "BaiduPan.Model", "BaiduPan.Model\BaiduPan.Model.csproj", "{1BAEE030-7B3D-417F-86D2-CBC77C112794}"
EndProject
Project("{FAE04EC0-301F-11D3-BF4B-00C04F79EFBC}") = "BaiduPan.Infrastructure", "BaiduPan.Infrastructure\BaiduPan.Infrastructure.csproj", "{D673150E-9C5A-496F-A43A-AB2E6612008F}"
EndProject
Global
	GlobalSection(SolutionConfigurationPlatforms) = preSolution
		Debug|Any CPU = Debug|Any CPU
		Release|Any CPU = Release|Any CPU
	EndGlobalSection
	GlobalSection(ProjectConfigurationPlatforms) = postSolution
		{C6EB8BBC-CCF1-4B65-8015-9C95B65F4DAE}.Debug|Any CPU.ActiveCfg = Debug|Any CPU
		{C6EB8BBC-CCF1-4B65-8015-9C95B65F4DAE}.Debug|Any CPU.Build.0 = Debug|Any CPU
		{C6EB8BBC-CCF1-4B65-8015-9C95B65F4DAE}.Release|Any CPU.ActiveCfg = Release|Any CPU
		{C6EB8BBC-CCF1-4B65-8015-9C95B65F4DAE}.Release|Any CPU.Build.0 = Release|Any CPU
		{1BAEE030-7B3D-417F-86D2-CBC77C112794}.Debug|Any CPU.ActiveCfg = Debug|Any CPU
		{1BAEE030-7B3D-417F-86D2-CBC77C112794}.Debug|Any CPU.Build.0 = Debug|Any CPU
		{1BAEE030-7B3D-417F-86D2-CBC77C112794}.Release|Any CPU.ActiveCfg = Release|Any CPU
		{1BAEE030-7B3D-417F-86D2-CBC77C112794}.Release|Any CPU.Build.0 = Release|Any CPU
		{D673150E-9C5A-496F-A43A-AB2E6612008F}.Debug|Any CPU.ActiveCfg = Debug|Any CPU
		{D673150E-9C5A-496F-A43A-AB2E6612008F}.Debug|Any CPU.Build.0 = Debug|Any CPU
		{D673150E-9C5A-496F-A43A-AB2E6612008F}.Release|Any CPU.ActiveCfg = Release|Any CPU
		{D673150E-9C5A-496F-A43A-AB2E6612008F}.Release|Any CPU.Build.0 = Release|Any CPU
	EndGlobalSection
	GlobalSection(SolutionProperties) = preSolution
		HideSolutionNode = FALSE
	EndGlobalSection
EndGlobal
